
Microsoft Visual Studio Solution File, Format Version 12.00
# Visual Studio Version 16
VisualStudioVersion = 16.0.30804.86
MinimumVisualStudioVersion = 10.0.40219.1
Project("{FAE04EC0-301F-11D3-BF4B-00C04F79EFBC}") = "XSS", "XSS\XSS.csproj", "{BAB9A877-057B-4F27-9C0B-1462EFF563C6}"
EndProject
Project("{FAE04EC0-301F-11D3-BF4B-00C04F79EFBC}") = "XSS.Compiler", "XSS.Compiler\XSS.Compiler.csproj", "{73E6F568-08A7-4FE6-8D45-B7438AEA2561}"
EndProject
Global
	GlobalSection(SolutionConfigurationPlatforms) = preSolution
		Debug|Any CPU = Debug|Any CPU
		Release|Any CPU = Release|Any CPU
	EndGlobalSection
	GlobalSection(ProjectConfigurationPlatforms) = postSolution
		{BAB9A877-057B-4F27-9C0B-1462EFF563C6}.Debug|Any CPU.ActiveCfg = Debug|Any CPU
		{BAB9A877-057B-4F27-9C0B-1462EFF563C6}.Debug|Any CPU.Build.0 = Debug|Any CPU
		{BAB9A877-057B-4F27-9C0B-1462EFF563C6}.Release|Any CPU.ActiveCfg = Release|Any CPU
		{BAB9A877-057B-4F27-9C0B-1462EFF563C6}.Release|Any CPU.Build.0 = Release|Any CPU
		{73E6F568-08A7-4FE6-8D45-B7438AEA2561}.Debug|Any CPU.ActiveCfg = Debug|Any CPU
		{73E6F568-08A7-4FE6-8D45-B7438AEA2561}.Debug|Any CPU.Build.0 = Debug|Any CPU
		{73E6F568-08A7-4FE6-8D45-B7438AEA2561}.Release|Any CPU.ActiveCfg = Release|Any CPU
		{73E6F568-08A7-4FE6-8D45-B7438AEA2561}.Release|Any CPU.Build.0 = Release|Any CPU
	EndGlobalSection
	GlobalSection(SolutionProperties) = preSolution
		HideSolutionNode = FALSE
	EndGlobalSection
	GlobalSection(ExtensibilityGlobals) = postSolution
		SolutionGuid = {776B04BF-91F1-4460-9E48-FF76C7E9E4B2}
	EndGlobalSection
EndGlobal
